<?xml version="1.0" encoding="utf-8"?>
<Project ToolsVersion="4.0" xmlns="http://schemas.microsoft.com/developer/msbuild/2003">
  <ItemGroup>
    <Filter Include="资源文件">
      <UniqueIdentifier>{67DA6AB6-F800-4c08-8B7A-83BB121AAD01}</UniqueIdentifier>
      <Extensions>rc;ico;cur;bmp;dlg;rc2;rct;bin;rgs;gif;jpg;jpeg;jpe;resx;tiff;tif;png;wav;mfcribbon-ms</Extensions>
    </Filter>
    <Filter Include="framework">
      <UniqueIdentifier>{400122d4-bcde-4b43-8367-61e749480d2f}</UniqueIdentifier>
    </Filter>
    <Filter Include="port">
      <UniqueIdentifier>{9cd207be-ba4b-49d7-8d94-e40f6028ffb2}</UniqueIdentifier>
    </Filter>
    <Filter Include="common">
      <UniqueIdentifier>{70ba3370-c4ba-4c84-92ea-075f254977fe}</UniqueIdentifier>
    </Filter>
    <Filter Include="cmd">
      <UniqueIdentifier>{d89b0e2e-78ed-4240-8738-41a2de3e1dc8}</UniqueIdentifier>
    </Filter>
    <Filter Include="adapter">
      <UniqueIdentifier>{fa0d4a37-1592-40d7-8fd6-02e2533ad499}</UniqueIdentifier>
    </Filter>
    <Filter Include="efsl">
      <UniqueIdentifier>{bca2b4c9-37a5-4f71-afdb-6a3862ea8ff2}</UniqueIdentifier>
    </Filter>
  </ItemGroup>
  <ItemGroup>
    <ClCompile Include="cmd_main.c" />
    <ClCompile Include="..\..\..\..\..\..\src\common\wind_dlist.c">
      <Filter>common</Filter>
    </ClCompile>
    <ClCompile Include="..\..\..\..\..\..\src\common\wind_string.c">
      <Filter>common</Filter>
    </ClCompile>
    <ClCompile Include="..\..\..\..\..\..\src\common\wind_debug.c">
      <Filter>common</Filter>
    </ClCompile>
    <ClCompile Include="..\..\..\..\..\..\src\common\wind_conv.c">
      <Filter>common</Filter>
    </ClCompile>
    <ClCompile Include="..\..\..\..\..\..\src\components\vfs\efsl\debug.c">
      <Filter>efsl</Filter>
    </ClCompile>
    <ClCompile Include="..\..\..\..\..\..\src\components\vfs\efsl\dir.c">
      <Filter>efsl</Filter>
    </ClCompile>
    <ClCompile Include="..\..\..\..\..\..\src\components\vfs\efsl\disc.c">
      <Filter>efsl</Filter>
    </ClCompile>
    <ClCompile Include="..\..\..\..\..\..\src\components\vfs\efsl\efs.c">
      <Filter>efsl</Filter>
    </ClCompile>
    <ClCompile Include="..\..\..\..\..\..\src\components\vfs\efsl\error.c">
      <Filter>efsl</Filter>
    </ClCompile>
    <ClCompile Include="..\..\..\..\..\..\src\components\vfs\efsl\extract.c">
      <Filter>efsl</Filter>
    </ClCompile>
    <ClCompile Include="..\..\..\..\..\..\src\components\vfs\efsl\fat.c">
      <Filter>efsl</Filter>
    </ClCompile>
    <ClCompile Include="..\..\..\..\..\..\src\components\vfs\efsl\fat32_format.c">
      <Filter>efsl</Filter>
    </ClCompile>
    <ClCompile Include="..\..\..\..\..\..\src\components\vfs\efsl\file.c">
      <Filter>efsl</Filter>
    </ClCompile>
    <ClCompile Include="..\..\..\..\..\..\src\components\vfs\efsl\fs.c">
      <Filter>efsl</Filter>
    </ClCompile>
    <ClCompile Include="..\..\..\..\..\..\src\components\vfs\efsl\ioman.c">
      <Filter>efsl</Filter>
    </ClCompile>
    <ClCompile Include="..\..\..\..\..\..\src\components\vfs\efsl\mkfs.c">
      <Filter>efsl</Filter>
    </ClCompile>
    <ClCompile Include="..\..\..\..\..\..\src\components\vfs\efsl\partition.c">
      <Filter>efsl</Filter>
    </ClCompile>
    <ClCompile Include="..\..\..\..\..\..\src\components\vfs\efsl\plibc.c">
      <Filter>efsl</Filter>
    </ClCompile>
    <ClCompile Include="..\..\..\..\..\..\src\components\vfs\efsl\time.c">
      <Filter>efsl</Filter>
    </ClCompile>
    <ClCompile Include="..\..\..\..\..\..\src\components\vfs\efsl\ui.c">
      <Filter>efsl</Filter>
    </ClCompile>
    <ClCompile Include="..\..\..\..\..\..\src\components\shell\framework\cmd_history.c">
      <Filter>framework</Filter>
    </ClCompile>
    <ClCompile Include="..\..\..\..\..\..\src\components\shell\framework\shell_framework.c">
      <Filter>framework</Filter>
    </ClCompile>
    <ClCompile Include="..\..\port\wind_std.c">
      <Filter>port</Filter>
    </ClCompile>
    <ClCompile Include="..\..\..\..\..\..\src\components\shell\cmd\cmd_echo.c">
      <Filter>cmd</Filter>
    </ClCompile>
    <ClCompile Include="..\..\..\..\..\..\src\components\shell\cmd\x86_cmd_mkfs.c">
      <Filter>cmd</Filter>
    </ClCompile>
    <ClCompile Include="..\..\..\..\..\..\src\components\shell\adapter\win32\console_adapter.c">
      <Filter>adapter</Filter>
    </ClCompile>
    <ClCompile Include="..\..\port\file_port.c">
      <Filter>port</Filter>
    </ClCompile>
    <ClCompile Include="..\..\port\interface.c">
      <Filter>port</Filter>
    </ClCompile>
  </ItemGroup>
  <ItemGroup>
    <ClInclude Include="..\..\..\..\..\..\src\common\wind_dlist.h">
      <Filter>common</Filter>
    </ClInclude>
    <ClInclude Include="..\..\..\..\..\..\src\common\wind_string.h">
      <Filter>common</Filter>
    </ClInclude>
    <ClInclude Include="..\..\..\..\..\..\src\common\wind_debug.h">
      <Filter>common</Filter>
    </ClInclude>
    <ClInclude Include="..\..\..\..\..\..\src\common\wind_conv.h">
      <Filter>common</Filter>
    </ClInclude>
    <ClInclude Include="..\..\..\..\..\..\src\components\vfs\efsl\config.h">
      <Filter>efsl</Filter>
    </ClInclude>
    <ClInclude Include="..\..\..\..\..\..\src\components\vfs\efsl\debug.h">
      <Filter>efsl</Filter>
    </ClInclude>
    <ClInclude Include="..\..\..\..\..\..\src\components\vfs\efsl\dir.h">
      <Filter>efsl</Filter>
    </ClInclude>
    <ClInclude Include="..\..\..\..\..\..\src\components\vfs\efsl\disc.h">
      <Filter>efsl</Filter>
    </ClInclude>
    <ClInclude Include="..\..\..\..\..\..\src\components\vfs\efsl\efs.h">
      <Filter>efsl</Filter>
    </ClInclude>
    <ClInclude Include="..\..\..\..\..\..\src\components\vfs\efsl\error.h">
      <Filter>efsl</Filter>
    </ClInclude>
    <ClInclude Include="..\..\..\..\..\..\src\components\vfs\efsl\extract.h">
      <Filter>efsl</Filter>
    </ClInclude>
    <ClInclude Include="..\..\..\..\..\..\src\components\vfs\efsl\fat.h">
      <Filter>efsl</Filter>
    </ClInclude>
    <ClInclude Include="..\..\..\..\..\..\src\components\vfs\efsl\file.h">
      <Filter>efsl</Filter>
    </ClInclude>
    <ClInclude Include="..\..\..\..\..\..\src\components\vfs\efsl\fs.h">
      <Filter>efsl</Filter>
    </ClInclude>
    <ClInclude Include="..\..\..\..\..\..\src\components\vfs\efsl\ioman.h">
      <Filter>efsl</Filter>
    </ClInclude>
    <ClInclude Include="..\..\..\..\..\..\src\components\vfs\efsl\mkfs.h">
      <Filter>efsl</Filter>
    </ClInclude>
    <ClInclude Include="..\..\..\..\..\..\src\components\vfs\efsl\partition.h">
      <Filter>efsl</Filter>
    </ClInclude>
    <ClInclude Include="..\..\..\..\..\..\src\components\vfs\efsl\plibc.h">
      <Filter>efsl</Filter>
    </ClInclude>
    <ClInclude Include="..\..\..\..\..\..\src\components\vfs\efsl\time.h">
      <Filter>efsl</Filter>
    </ClInclude>
    <ClInclude Include="..\..\..\..\..\..\src\components\vfs\efsl\types.h">
      <Filter>efsl</Filter>
    </ClInclude>
    <ClInclude Include="..\..\..\..\..\..\src\components\vfs\efsl\ui.h">
      <Filter>efsl</Filter>
    </ClInclude>
    <ClInclude Include="..\..\..\..\..\..\src\components\shell\framework\cmd_history.h">
      <Filter>framework</Filter>
    </ClInclude>
    <ClInclude Include="..\..\..\..\..\..\src\components\shell\framework\shell_framework.h">
      <Filter>framework</Filter>
    </ClInclude>
    <ClInclude Include="..\..\..\..\..\..\src\components\shell\framework\wind_cmd.h">
      <Filter>framework</Filter>
    </ClInclude>
    <ClInclude Include="..\..\..\..\..\..\src\components\shell\framework\wind_key.h">
      <Filter>framework</Filter>
    </ClInclude>
    <ClInclude Include="..\..\port\wind_config.h">
      <Filter>port</Filter>
    </ClInclude>
    <ClInclude Include="..\..\port\wind_std.h">
      <Filter>port</Filter>
    </ClInclude>
    <ClInclude Include="..\..\port\wind_type.h">
      <Filter>port</Filter>
    </ClInclude>
    <ClInclude Include="..\..\..\..\..\..\src\components\shell\adapter\win32\console_adapter.h">
      <Filter>adapter</Filter>
    </ClInclude>
    <ClInclude Include="..\..\port\file_port.h">
      <Filter>port</Filter>
    </ClInclude>
    <ClInclude Include="..\..\port\interface.h">
      <Filter>port</Filter>
    </ClInclude>
  </ItemGroup>
</Project>