<?xml version="1.0" encoding="utf-8"?>
<Project ToolsVersion="4.0" xmlns="http://schemas.microsoft.com/developer/msbuild/2003">
  <ItemGroup>
    <ClCompile Include="main.c" />
    <ClCompile Include="..\..\..\..\..\..\..\src\common\wind_conv.c">
      <Filter>common</Filter>
    </ClCompile>
    <ClCompile Include="..\..\..\..\..\..\..\src\common\wind_crc16.c">
      <Filter>common</Filter>
    </ClCompile>
    <ClCompile Include="..\..\..\..\..\..\..\src\common\wind_crc32.c">
      <Filter>common</Filter>
    </ClCompile>
    <ClCompile Include="..\..\..\..\..\..\..\src\common\wind_debug.c">
      <Filter>common</Filter>
    </ClCompile>
    <ClCompile Include="..\..\..\..\..\..\..\src\common\wind_dlist.c">
      <Filter>common</Filter>
    </ClCompile>
    <ClCompile Include="..\..\..\..\..\..\..\src\common\wind_encrypt.c">
      <Filter>common</Filter>
    </ClCompile>
    <ClCompile Include="..\..\..\..\..\..\..\src\common\wind_md5.c">
      <Filter>common</Filter>
    </ClCompile>
    <ClCompile Include="..\..\..\..\..\..\..\src\common\wind_queue.c">
      <Filter>common</Filter>
    </ClCompile>
    <ClCompile Include="..\..\..\..\..\..\..\src\common\wind_string.c">
      <Filter>common</Filter>
    </ClCompile>
    <ClCompile Include="..\..\..\..\..\..\..\src\common\wind_tree.c">
      <Filter>common</Filter>
    </ClCompile>
    <ClCompile Include="..\..\..\port\wind_board_port.c">
      <Filter>os_port</Filter>
    </ClCompile>
    <ClCompile Include="..\..\..\port\wind_os_switch.c">
      <Filter>os_port</Filter>
    </ClCompile>
    <ClCompile Include="..\..\..\port\wind_std.c">
      <Filter>os_port</Filter>
    </ClCompile>
    <ClCompile Include="..\..\..\..\..\..\..\src\core\wind_core.c">
      <Filter>os_core</Filter>
    </ClCompile>
    <ClCompile Include="..\..\..\..\..\..\..\src\core\wind_daemon.c">
      <Filter>os_core</Filter>
    </ClCompile>
    <ClCompile Include="..\..\..\..\..\..\..\src\core\wind_dbgpoint.c">
      <Filter>os_core</Filter>
    </ClCompile>
    <ClCompile Include="..\..\..\..\..\..\..\src\core\wind_diagnose.c">
      <Filter>os_core</Filter>
    </ClCompile>
    <ClCompile Include="..\..\..\..\..\..\..\src\core\wind_event.c">
      <Filter>os_core</Filter>
    </ClCompile>
    <ClCompile Include="..\..\..\..\..\..\..\src\core\wind_heap.c">
      <Filter>os_core</Filter>
    </ClCompile>
    <ClCompile Include="..\..\..\..\..\..\..\src\core\wind_msgbox.c">
      <Filter>os_core</Filter>
    </ClCompile>
    <ClCompile Include="..\..\..\..\..\..\..\src\core\wind_mutex.c">
      <Filter>os_core</Filter>
    </ClCompile>
    <ClCompile Include="..\..\..\..\..\..\..\src\core\wind_pipe.c">
      <Filter>os_core</Filter>
    </ClCompile>
    <ClCompile Include="..\..\..\..\..\..\..\src\core\wind_pool.c">
      <Filter>os_core</Filter>
    </ClCompile>
    <ClCompile Include="..\..\..\..\..\..\..\src\core\wind_sem.c">
      <Filter>os_core</Filter>
    </ClCompile>
    <ClCompile Include="..\..\..\..\..\..\..\src\core\wind_softirq.c">
      <Filter>os_core</Filter>
    </ClCompile>
    <ClCompile Include="..\..\..\..\..\..\..\src\core\wind_sysinfo.c">
      <Filter>os_core</Filter>
    </ClCompile>
    <ClCompile Include="..\..\..\..\..\..\..\src\core\wind_thread.c">
      <Filter>os_core</Filter>
    </ClCompile>
    <ClCompile Include="..\..\..\..\..\..\..\src\core\wind_time.c">
      <Filter>os_core</Filter>
    </ClCompile>
    <ClCompile Include="..\..\..\..\..\..\..\src\core\wind_timer.c">
      <Filter>os_core</Filter>
    </ClCompile>
    <ClCompile Include="..\..\..\..\..\..\..\src\core\wind_user.c">
      <Filter>os_core</Filter>
    </ClCompile>
    <ClCompile Include="..\..\..\..\..\..\..\src\core\wind_watchdog.c">
      <Filter>os_core</Filter>
    </ClCompile>
    <ClCompile Include="..\..\..\..\..\..\..\src\hal\wind_blkdev.c">
      <Filter>os_hal</Filter>
    </ClCompile>
    <ClCompile Include="..\..\..\..\..\..\..\src\hal\wind_chdev.c">
      <Filter>os_hal</Filter>
    </ClCompile>
    <ClCompile Include="..\..\..\port\wind_os_prelunch.c">
      <Filter>os_port</Filter>
    </ClCompile>
    <ClCompile Include="..\..\..\device\list_blkdev.c">
      <Filter>device</Filter>
    </ClCompile>
    <ClCompile Include="..\..\..\device\list_dev.c">
      <Filter>device</Filter>
    </ClCompile>
    <ClCompile Include="..\..\..\..\..\..\..\src\core\wind_obj.c">
      <Filter>os_core</Filter>
    </ClCompile>
    <ClCompile Include="..\..\..\..\..\..\..\src\systhread\thread_daemon.c">
      <Filter>os_systhread</Filter>
    </ClCompile>
    <ClCompile Include="..\..\..\..\..\..\..\src\systhread\thread_idle.c">
      <Filter>os_systhread</Filter>
    </ClCompile>
    <ClCompile Include="..\..\..\..\..\..\..\src\systhread\thread_init.c">
      <Filter>os_systhread</Filter>
    </ClCompile>
    <ClCompile Include="..\..\..\..\..\..\..\src\systhread\thread_stati.c">
      <Filter>os_systhread</Filter>
    </ClCompile>
    <ClCompile Include="..\..\..\..\..\..\..\src\systhread\thread_timer.c">
      <Filter>os_systhread</Filter>
    </ClCompile>
    <ClCompile Include="..\..\..\..\..\..\..\src\core\wind_coroutine.c">
      <Filter>os_core</Filter>
    </ClCompile>
    <ClCompile Include="..\..\..\..\..\..\..\src\systhread\thread_coroutine.c">
      <Filter>os_systhread</Filter>
    </ClCompile>
    <ClCompile Include="..\..\..\device\blkdev_memblk.c">
      <Filter>device</Filter>
    </ClCompile>
    <ClCompile Include="..\..\..\device\blkdev_disk.c">
      <Filter>device</Filter>
    </ClCompile>
    <ClCompile Include="..\..\..\..\..\..\..\src\module\shell\cmd\cmd_beep.c">
      <Filter>module_shell</Filter>
    </ClCompile>
    <ClCompile Include="..\..\..\..\..\..\..\src\module\shell\cmd\cmd_xmodem.c">
      <Filter>module_shell</Filter>
    </ClCompile>
    <ClCompile Include="..\..\..\..\..\..\..\src\module\shell\cmd\cmd_blkdev.c">
      <Filter>module_shell</Filter>
    </ClCompile>
    <ClCompile Include="..\..\..\..\..\..\..\src\module\shell\cmd\cmd_daemon.c">
      <Filter>module_shell</Filter>
    </ClCompile>
    <ClCompile Include="..\..\..\..\..\..\..\src\module\shell\cmd\cmd_datetime.c">
      <Filter>module_shell</Filter>
    </ClCompile>
    <ClCompile Include="..\..\..\..\..\..\..\src\module\shell\cmd\cmd_dbgpoint.c">
      <Filter>module_shell</Filter>
    </ClCompile>
    <ClCompile Include="..\..\..\..\..\..\..\src\module\shell\cmd\cmd_diagnose.c">
      <Filter>module_shell</Filter>
    </ClCompile>
    <ClCompile Include="..\..\..\..\..\..\..\src\module\shell\cmd\cmd_echo.c">
      <Filter>module_shell</Filter>
    </ClCompile>
    <ClCompile Include="..\..\..\..\..\..\..\src\module\shell\cmd\cmd_fs.c">
      <Filter>module_shell</Filter>
    </ClCompile>
    <ClCompile Include="..\..\..\..\..\..\..\src\module\shell\framework\cmd_history.c">
      <Filter>module_shell</Filter>
    </ClCompile>
    <ClCompile Include="..\..\..\..\..\..\..\src\module\shell\cmd\cmd_led.c">
      <Filter>module_shell</Filter>
    </ClCompile>
    <ClCompile Include="..\..\..\..\..\..\..\src\module\shell\cmd\cmd_list.c">
      <Filter>module_shell</Filter>
    </ClCompile>
    <ClCompile Include="..\..\..\..\..\..\..\src\module\shell\cmd\cmd_listfs.c">
      <Filter>module_shell</Filter>
    </ClCompile>
    <ClCompile Include="..\..\..\..\..\..\..\src\module\shell\cmd\cmd_mem.c">
      <Filter>module_shell</Filter>
    </ClCompile>
    <ClCompile Include="..\..\..\..\..\..\..\src\module\shell\cmd\cmd_reset.c">
      <Filter>module_shell</Filter>
    </ClCompile>
    <ClCompile Include="..\..\..\..\..\..\..\src\module\shell\cmd\cmd_stati.c">
      <Filter>module_shell</Filter>
    </ClCompile>
    <ClCompile Include="..\..\..\..\..\..\..\src\module\shell\cmd\cmd_sysinfo.c">
      <Filter>module_shell</Filter>
    </ClCompile>
    <ClCompile Include="..\..\..\..\..\..\..\src\module\shell\cmd\cmd_thread.c">
      <Filter>module_shell</Filter>
    </ClCompile>
    <ClCompile Include="..\..\..\..\..\..\..\src\module\shell\cmd\cmd_user.c">
      <Filter>module_shell</Filter>
    </ClCompile>
    <ClCompile Include="..\..\..\..\..\..\..\src\module\shell\cmd\cmd_watchdog.c">
      <Filter>module_shell</Filter>
    </ClCompile>
    <ClCompile Include="..\..\..\..\..\..\..\src\module\vfs\adapter_treefs.c">
      <Filter>module_vfs</Filter>
    </ClCompile>
    <ClCompile Include="..\..\..\..\..\..\..\src\module\db\dbbase\db_demo.c">
      <Filter>module_db</Filter>
    </ClCompile>
    <ClCompile Include="..\..\..\..\..\..\..\src\module\db\dbbase\db_demo1.c">
      <Filter>module_db</Filter>
    </ClCompile>
    <ClCompile Include="..\..\..\..\..\..\..\src\module\db\framework\db_entry.c">
      <Filter>module_db</Filter>
    </ClCompile>
    <ClCompile Include="..\..\..\..\..\..\..\src\module\db\framework\db_if.c">
      <Filter>module_db</Filter>
    </ClCompile>
    <ClCompile Include="..\..\..\..\..\..\..\src\module\vfs\listfs\listfs.c">
      <Filter>module_vfs</Filter>
    </ClCompile>
    <ClCompile Include="..\..\..\..\..\..\..\src\module\vfs\listfs\listfs_bitmap.c">
      <Filter>module_vfs</Filter>
    </ClCompile>
    <ClCompile Include="..\..\..\..\..\..\..\src\module\lua-5.3.4\src\lapi.c">
      <Filter>module_lua</Filter>
    </ClCompile>
    <ClCompile Include="..\..\..\..\..\..\..\src\module\lua-5.3.4\src\lauxlib.c">
      <Filter>module_lua</Filter>
    </ClCompile>
    <ClCompile Include="..\..\..\..\..\..\..\src\module\lua-5.3.4\src\lbaselib.c">
      <Filter>module_lua</Filter>
    </ClCompile>
    <ClCompile Include="..\..\..\..\..\..\..\src\module\lua-5.3.4\src\lbitlib.c">
      <Filter>module_lua</Filter>
    </ClCompile>
    <ClCompile Include="..\..\..\..\..\..\..\src\module\lua-5.3.4\src\lcode.c">
      <Filter>module_lua</Filter>
    </ClCompile>
    <ClCompile Include="..\..\..\..\..\..\..\src\module\lua-5.3.4\src\lcorolib.c">
      <Filter>module_lua</Filter>
    </ClCompile>
    <ClCompile Include="..\..\..\..\..\..\..\src\module\lua-5.3.4\src\lctype.c">
      <Filter>module_lua</Filter>
    </ClCompile>
    <ClCompile Include="..\..\..\..\..\..\..\src\module\lua-5.3.4\src\ldblib.c">
      <Filter>module_lua</Filter>
    </ClCompile>
    <ClCompile Include="..\..\..\..\..\..\..\src\module\lua-5.3.4\src\ldebug.c">
      <Filter>module_lua</Filter>
    </ClCompile>
    <ClCompile Include="..\..\..\..\..\..\..\src\module\lua-5.3.4\src\ldo.c">
      <Filter>module_lua</Filter>
    </ClCompile>
    <ClCompile Include="..\..\..\..\..\..\..\src\module\lua-5.3.4\src\ldump.c">
      <Filter>module_lua</Filter>
    </ClCompile>
    <ClCompile Include="..\..\..\..\..\..\..\src\module\lua-5.3.4\src\lfunc.c">
      <Filter>module_lua</Filter>
    </ClCompile>
    <ClCompile Include="..\..\..\..\..\..\..\src\module\lua-5.3.4\src\lgc.c">
      <Filter>module_lua</Filter>
    </ClCompile>
    <ClCompile Include="..\..\..\..\..\..\..\src\module\lua-5.3.4\src\linit.c">
      <Filter>module_lua</Filter>
    </ClCompile>
    <ClCompile Include="..\..\..\..\..\..\..\src\module\lua-5.3.4\src\liolib.c">
      <Filter>module_lua</Filter>
    </ClCompile>
    <ClCompile Include="..\..\..\..\..\..\..\src\module\lua-5.3.4\src\llex.c">
      <Filter>module_lua</Filter>
    </ClCompile>
    <ClCompile Include="..\..\..\..\..\..\..\src\module\lua-5.3.4\src\lmathlib.c">
      <Filter>module_lua</Filter>
    </ClCompile>
    <ClCompile Include="..\..\..\..\..\..\..\src\module\lua-5.3.4\src\lmem.c">
      <Filter>module_lua</Filter>
    </ClCompile>
    <ClCompile Include="..\..\..\..\..\..\..\src\module\lua-5.3.4\src\loadlib.c">
      <Filter>module_lua</Filter>
    </ClCompile>
    <ClCompile Include="..\..\..\..\..\..\..\src\module\lua-5.3.4\src\lobject.c">
      <Filter>module_lua</Filter>
    </ClCompile>
    <ClCompile Include="..\..\..\..\..\..\..\src\module\lua-5.3.4\src\lopcodes.c">
      <Filter>module_lua</Filter>
    </ClCompile>
    <ClCompile Include="..\..\..\..\..\..\..\src\module\lua-5.3.4\src\lparser.c">
      <Filter>module_lua</Filter>
    </ClCompile>
    <ClCompile Include="..\..\..\..\..\..\..\src\module\lua-5.3.4\src\lstate.c">
      <Filter>module_lua</Filter>
    </ClCompile>
    <ClCompile Include="..\..\..\..\..\..\..\src\module\lua-5.3.4\src\lstring.c">
      <Filter>module_lua</Filter>
    </ClCompile>
    <ClCompile Include="..\..\..\..\..\..\..\src\module\lua-5.3.4\src\lstrlib.c">
      <Filter>module_lua</Filter>
    </ClCompile>
    <ClCompile Include="..\..\..\..\..\..\..\src\module\lua-5.3.4\src\ltable.c">
      <Filter>module_lua</Filter>
    </ClCompile>
    <ClCompile Include="..\..\..\..\..\..\..\src\module\lua-5.3.4\src\ltablib.c">
      <Filter>module_lua</Filter>
    </ClCompile>
    <ClCompile Include="..\..\..\..\..\..\..\src\module\lua-5.3.4\src\ltm.c">
      <Filter>module_lua</Filter>
    </ClCompile>
    <ClCompile Include="..\..\..\..\..\..\..\src\module\lua-5.3.4\src\lua.c">
      <Filter>module_lua</Filter>
    </ClCompile>
    <ClCompile Include="..\..\..\..\..\..\..\src\module\lua-5.3.4\port\lua_port.c">
      <Filter>module_lua</Filter>
    </ClCompile>
    <ClCompile Include="..\..\..\..\..\..\..\src\module\lua-5.3.4\src\luac.c">
      <Filter>module_lua</Filter>
    </ClCompile>
    <ClCompile Include="..\..\..\..\..\..\..\src\module\lua-5.3.4\src\lundump.c">
      <Filter>module_lua</Filter>
    </ClCompile>
    <ClCompile Include="..\..\..\..\..\..\..\src\module\lua-5.3.4\src\lutf8lib.c">
      <Filter>module_lua</Filter>
    </ClCompile>
    <ClCompile Include="..\..\..\..\..\..\..\src\module\lua-5.3.4\src\lvm.c">
      <Filter>module_lua</Filter>
    </ClCompile>
    <ClCompile Include="..\..\..\..\..\..\..\src\module\lua-5.3.4\src\lzio.c">
      <Filter>module_lua</Filter>
    </ClCompile>
    <ClCompile Include="..\..\..\..\..\..\..\src\module\db\framework\tb_entry.c">
      <Filter>module_db</Filter>
    </ClCompile>
    <ClCompile Include="..\..\..\..\..\..\..\src\module\db\framework\tb_model.c">
      <Filter>module_db</Filter>
    </ClCompile>
    <ClCompile Include="..\..\..\..\..\..\..\src\module\db\framework\tb_print.c">
      <Filter>module_db</Filter>
    </ClCompile>
    <ClCompile Include="..\..\..\..\..\..\..\src\module\shell\cmd\shell_cmd_regif.c">
      <Filter>module_shell</Filter>
    </ClCompile>
    <ClCompile Include="..\..\..\..\..\..\..\src\module\shell\framework\shell_framework.c">
      <Filter>module_shell</Filter>
    </ClCompile>
    <ClCompile Include="..\..\..\..\..\..\..\src\module\cutest\testcase\test_event.c">
      <Filter>module_cutest</Filter>
    </ClCompile>
    <ClCompile Include="..\..\..\..\..\..\..\src\module\cutest\testcase\test_treefs.c">
      <Filter>module_cutest</Filter>
    </ClCompile>
    <ClCompile Include="..\..\..\..\..\..\..\src\module\cutest\framework\test_framework.c">
      <Filter>module_cutest</Filter>
    </ClCompile>
    <ClCompile Include="..\..\..\..\..\..\..\src\module\cutest\testcase\test_fs.c">
      <Filter>module_cutest</Filter>
    </ClCompile>
    <ClCompile Include="..\..\..\..\..\..\..\src\module\cutest\testcase\test_heap.c">
      <Filter>module_cutest</Filter>
    </ClCompile>
    <ClCompile Include="..\..\..\..\..\..\..\src\module\cutest\testcase\test_msgbox.c">
      <Filter>module_cutest</Filter>
    </ClCompile>
    <ClCompile Include="..\..\..\..\..\..\..\src\module\cutest\testcase\test_mutex.c">
      <Filter>module_cutest</Filter>
    </ClCompile>
    <ClCompile Include="..\..\..\..\..\..\..\src\module\cutest\testcase\test_pipe.c">
      <Filter>module_cutest</Filter>
    </ClCompile>
    <ClCompile Include="..\..\..\..\..\..\..\src\module\cutest\testcase\test_pool.c">
      <Filter>module_cutest</Filter>
    </ClCompile>
    <ClCompile Include="..\..\..\..\..\..\..\src\module\cutest\testcase\test_queue.c">
      <Filter>module_cutest</Filter>
    </ClCompile>
    <ClCompile Include="..\..\..\..\..\..\..\src\module\cutest\testcase\test_sem.c">
      <Filter>module_cutest</Filter>
    </ClCompile>
    <ClCompile Include="..\..\..\..\..\..\..\src\module\cutest\testcase\test_softirq.c">
      <Filter>module_cutest</Filter>
    </ClCompile>
    <ClCompile Include="..\..\..\..\..\..\..\src\module\cutest\testcase\test_tree.c">
      <Filter>module_cutest</Filter>
    </ClCompile>
    <ClCompile Include="..\..\..\..\..\..\..\src\module\vfs\wind_filepath.c">
      <Filter>module_vfs</Filter>
    </ClCompile>
    <ClCompile Include="..\..\..\..\..\..\..\src\module\vfs\wind_fs.c">
      <Filter>module_vfs</Filter>
    </ClCompile>
    <ClCompile Include="..\..\..\..\..\..\..\src\module\vfs\wind_file.c">
      <Filter>module_vfs</Filter>
    </ClCompile>
    <ClCompile Include="..\..\..\..\..\..\..\src\module\vfs\treefs\treefs.c">
      <Filter>module_vfs</Filter>
    </ClCompile>
    <ClCompile Include="..\..\..\..\..\..\..\src\module\vfs\wind_log.c">
      <Filter>module_vfs</Filter>
    </ClCompile>
    <ClCompile Include="..\..\..\..\..\..\..\src\module\cutest\testcase\cutest_register.c">
      <Filter>module_cutest</Filter>
    </ClCompile>
    <ClCompile Include="..\..\..\..\..\..\..\src\module\vfs\listfs\listfs_fileinfo.c">
      <Filter>module_vfs</Filter>
    </ClCompile>
    <ClCompile Include="..\..\..\..\..\..\..\src\module\vfs\listfs\listfs_blkinfo.c">
      <Filter>module_vfs</Filter>
    </ClCompile>
    <ClCompile Include="..\..\..\..\..\..\..\src\module\cjson\cJSON.c">
      <Filter>module_cjson</Filter>
    </ClCompile>
    <ClCompile Include="..\..\..\..\..\..\..\src\module\cjson\cJSON_Utils.c">
      <Filter>module_cjson</Filter>
    </ClCompile>
    <ClCompile Include="..\..\..\..\..\..\..\src\module\cjson\json_checker.c">
      <Filter>module_cjson</Filter>
    </ClCompile>
    <ClCompile Include="..\..\..\..\..\..\..\src\module\vfs\listfs\listfs_cache.c">
      <Filter>module_vfs</Filter>
    </ClCompile>
    <ClCompile Include="..\..\..\..\..\..\..\src\common\wind_strsearch.c">
      <Filter>common</Filter>
    </ClCompile>
    <ClCompile Include="..\..\..\..\..\..\..\src\application\win32_simu\user_entry.c">
      <Filter>application</Filter>
    </ClCompile>
    <ClCompile Include="..\..\..\..\..\..\..\src\module\shell\cmd\cmd_timer.c">
      <Filter>module_shell</Filter>
    </ClCompile>
    <ClCompile Include="..\..\..\..\..\..\..\src\module\vfs\treefs\treefile.c">
      <Filter>module_vfs</Filter>
    </ClCompile>
    <ClCompile Include="..\..\..\..\..\..\..\src\common\wind_imghead.c">
      <Filter>common</Filter>
    </ClCompile>
    <ClCompile Include="..\..\..\port\file_port.c">
      <Filter>os_port</Filter>
    </ClCompile>
    <ClCompile Include="..\..\..\..\..\..\..\src\module\cutest\testcase\test_filepath.c">
      <Filter>module_cutest</Filter>
    </ClCompile>
    <ClCompile Include="..\..\..\..\..\..\..\src\core\wind_module.c">
      <Filter>os_core</Filter>
    </ClCompile>
    <ClCompile Include="..\..\..\..\..\..\..\src\module\shell\framework\module_shell.c">
      <Filter>module_shell</Filter>
    </ClCompile>
    <ClCompile Include="..\..\..\..\..\..\..\src\module\db\framework\module_db.c">
      <Filter>module_db</Filter>
    </ClCompile>
    <ClCompile Include="..\..\..\..\..\..\..\src\module\cutest\framework\module_cutest.c">
      <Filter>module_cutest</Filter>
    </ClCompile>
    <ClCompile Include="..\..\..\..\..\..\..\src\module\game\gobang.c">
      <Filter>module_game</Filter>
    </ClCompile>
    <ClCompile Include="..\..\..\..\..\..\..\src\module\game\module_game.c">
      <Filter>module_game</Filter>
    </ClCompile>
    <ClCompile Include="..\..\..\..\..\..\..\src\module\game\pushbox.c">
      <Filter>module_game</Filter>
    </ClCompile>
    <ClCompile Include="..\..\..\..\..\..\..\src\module\game\snake.c">
      <Filter>module_game</Filter>
    </ClCompile>
    <ClCompile Include="..\..\..\..\..\..\..\src\module\game\tank.c">
      <Filter>module_game</Filter>
    </ClCompile>
    <ClCompile Include="..\..\..\..\..\..\..\src\module\game\tetris.c">
      <Filter>module_game</Filter>
    </ClCompile>
    <ClCompile Include="..\..\..\..\..\..\..\src\module\vfs\module_vfs.c">
      <Filter>module_vfs</Filter>
    </ClCompile>
    <ClCompile Include="..\..\..\..\..\..\..\src\module\cutest\testcase\test_listfs.c">
      <Filter>module_cutest</Filter>
    </ClCompile>
    <ClCompile Include="..\..\..\..\..\..\..\src\module\lua-5.3.4\src\module_lua.c">
      <Filter>module_lua</Filter>
    </ClCompile>
    <ClCompile Include="..\..\..\..\..\..\..\src\module\cjson\module_cjson.c">
      <Filter>module_cjson</Filter>
    </ClCompile>
    <ClCompile Include="..\..\..\..\..\..\..\src\core\wind_module_list.c">
      <Filter>os_core</Filter>
    </ClCompile>
    <ClCompile Include="..\..\..\..\..\..\..\src\module\tools\cmd_pack.c">
      <Filter>module_tools</Filter>
    </ClCompile>
    <ClCompile Include="..\..\..\..\..\..\..\src\module\tools\cmd_rcp.c">
      <Filter>module_tools</Filter>
    </ClCompile>
    <ClCompile Include="..\..\..\..\..\..\..\src\module\tools\module_tools.c">
      <Filter>module_tools</Filter>
    </ClCompile>
    <ClCompile Include="..\..\..\..\..\..\..\src\module\vfs\wind_fsops.c">
      <Filter>module_vfs</Filter>
    </ClCompile>
    <ClCompile Include="..\..\..\..\..\..\..\src\module\cutest\testcase\test_diagnose.c">
      <Filter>module_cutest</Filter>
    </ClCompile>
    <ClCompile Include="..\..\..\..\..\..\..\src\module\vfs\adapter_listfs.c">
      <Filter>module_vfs</Filter>
    </ClCompile>
    <ClCompile Include="..\..\..\..\..\..\..\src\hal\wind_memblk.c">
      <Filter>os_hal</Filter>
    </ClCompile>
    <ClCompile Include="..\..\..\..\..\..\..\src\module\vfs\fscmd\cmd_cat.c">
      <Filter>module_vfs</Filter>
    </ClCompile>
    <ClCompile Include="..\..\..\..\..\..\..\src\module\vfs\fscmd\cmd_cd.c">
      <Filter>module_vfs</Filter>
    </ClCompile>
    <ClCompile Include="..\..\..\..\..\..\..\src\module\vfs\fscmd\cmd_ls.c">
      <Filter>module_vfs</Filter>
    </ClCompile>
    <ClCompile Include="..\..\..\..\..\..\..\src\module\vfs\fscmd\cmd_mkdir.c">
      <Filter>module_vfs</Filter>
    </ClCompile>
    <ClCompile Include="..\..\..\..\..\..\..\src\module\vfs\fscmd\cmd_pwd.c">
      <Filter>module_vfs</Filter>
    </ClCompile>
    <ClCompile Include="..\..\..\..\..\..\..\src\module\vfs\fscmd\cmd_rm.c">
      <Filter>module_vfs</Filter>
    </ClCompile>
    <ClCompile Include="..\..\..\..\..\..\..\src\module\vfs\fscmd\cmd_touch.c">
      <Filter>module_vfs</Filter>
    </ClCompile>
    <ClCompile Include="..\..\..\..\..\..\..\src\module\vfs\fscmd\cmd_write.c">
      <Filter>module_vfs</Filter>
    </ClCompile>
    <ClCompile Include="..\..\..\..\..\..\..\src\module\vfs\fscmd\fs_cmd_list.c">
      <Filter>module_vfs</Filter>
    </ClCompile>
    <ClCompile Include="..\..\..\..\..\..\..\src\module\vfs\fscmd\cmd_mount.c">
      <Filter>module_vfs</Filter>
    </ClCompile>
    <ClCompile Include="..\..\..\..\..\..\..\src\module\vfs\fscmd\cmd_umount.c">
      <Filter>module_vfs</Filter>
    </ClCompile>
    <ClCompile Include="..\..\..\..\..\..\..\src\module\vfs\fscmd\cmd_format.c">
      <Filter>module_vfs</Filter>
    </ClCompile>
    <ClCompile Include="..\..\..\..\..\..\..\src\hal\wind_nullblk.c">
      <Filter>os_hal</Filter>
    </ClCompile>
    <ClCompile Include="..\..\..\..\..\..\..\src\hal\wind_stddev.c">
      <Filter>os_hal</Filter>
    </ClCompile>
    <ClCompile Include="..\..\..\..\..\..\..\src\module\vfs\hostfs\hostfs.c">
      <Filter>module_vfs</Filter>
    </ClCompile>
    <ClCompile Include="..\..\..\..\..\..\..\src\module\vfs\adapter_hostfs.c">
      <Filter>module_vfs</Filter>
    </ClCompile>
    <ClCompile Include="..\..\..\..\..\..\..\src\module\cutest\testcase\test_hostfs.c">
      <Filter>module_cutest</Filter>
    </ClCompile>
    <ClCompile Include="..\..\..\..\..\..\..\src\module\dict\module_dict.c">
      <Filter>module_dict</Filter>
    </ClCompile>
    <ClCompile Include="..\..\..\..\..\..\..\src\module\dict\wind_dict.c">
      <Filter>module_dict</Filter>
    </ClCompile>
    <ClCompile Include="..\..\..\..\..\..\..\src\module\cutest\testcase\test_dict.c">
      <Filter>module_cutest</Filter>
    </ClCompile>
    <ClCompile Include="..\..\..\..\..\..\..\src\module\vfs\hostfs\windows_filepath.c">
      <Filter>module_vfs</Filter>
    </ClCompile>
    <ClCompile Include="..\..\..\..\..\..\..\src\core\wind_fsm.c">
      <Filter>os_core</Filter>
    </ClCompile>
    <ClCompile Include="..\..\..\..\..\..\..\src\module\db\framework\cmd_db.c">
      <Filter>module_db</Filter>
    </ClCompile>
    <ClCompile Include="..\..\..\..\..\..\..\src\module\db\framework\cmd_tbmodel.c">
      <Filter>module_db</Filter>
    </ClCompile>
    <ClCompile Include="..\..\..\..\..\..\..\src\module\db\framework\xml.c">
      <Filter>module_db</Filter>
    </ClCompile>
    <ClCompile Include="..\..\..\..\..\..\..\src\module\db\framework\tb_model_file.c">
      <Filter>module_db</Filter>
    </ClCompile>
    <ClCompile Include="..\..\..\..\..\..\..\src\module\db\framework\wind_xml.c">
      <Filter>module_db</Filter>
    </ClCompile>
    <ClCompile Include="..\..\..\..\..\..\..\src\module\db\framework\wind_xml_fsm.c">
      <Filter>module_db</Filter>
    </ClCompile>
  </ItemGroup>
  <ItemGroup>
    <Filter Include="common">
      <UniqueIdentifier>{e634ee1b-81e4-4752-a614-9d399639021b}</UniqueIdentifier>
    </Filter>
    <Filter Include="os_port">
      <UniqueIdentifier>{77f52093-fbc3-4bd8-9b74-5ab108212325}</UniqueIdentifier>
    </Filter>
    <Filter Include="os_core">
      <UniqueIdentifier>{3ecc4825-ba54-4f69-ba5b-5fd3755d7204}</UniqueIdentifier>
    </Filter>
    <Filter Include="os_lib">
      <UniqueIdentifier>{3c4dd18c-d1da-4b83-ae00-568252bf995a}</UniqueIdentifier>
    </Filter>
    <Filter Include="os_systhread">
      <UniqueIdentifier>{1175c36f-7950-4450-80e3-aff4b6e45d09}</UniqueIdentifier>
    </Filter>
    <Filter Include="os_hal">
      <UniqueIdentifier>{8aece0bd-8e91-4ede-a049-0cc4bbfac904}</UniqueIdentifier>
    </Filter>
    <Filter Include="application">
      <UniqueIdentifier>{3eab9536-725f-47ab-ac5d-e19288a05de8}</UniqueIdentifier>
    </Filter>
    <Filter Include="module_shell">
      <UniqueIdentifier>{79c294d0-a592-4a7c-950a-6ff76114da59}</UniqueIdentifier>
    </Filter>
    <Filter Include="module_vfs">
      <UniqueIdentifier>{a7bcfdf4-bf3e-4619-8225-95ea2ae6e072}</UniqueIdentifier>
    </Filter>
    <Filter Include="module_lua">
      <UniqueIdentifier>{27e4ee84-80e8-4b13-8c1e-3499b9cfdc82}</UniqueIdentifier>
    </Filter>
    <Filter Include="module_cutest">
      <UniqueIdentifier>{ce200aa1-0a64-4e01-b20e-b644ba8d7243}</UniqueIdentifier>
    </Filter>
    <Filter Include="device">
      <UniqueIdentifier>{6fa220e6-ebf1-43a7-8ca5-f07097a71d1f}</UniqueIdentifier>
    </Filter>
    <Filter Include="module_db">
      <UniqueIdentifier>{77487dbd-b87a-44c9-aafd-cea4c6b35696}</UniqueIdentifier>
    </Filter>
    <Filter Include="module_cjson">
      <UniqueIdentifier>{cb956575-b568-4d7e-9038-5d90b331c8b2}</UniqueIdentifier>
    </Filter>
    <Filter Include="module_game">
      <UniqueIdentifier>{e69be643-f424-45d0-99c5-6390248d091a}</UniqueIdentifier>
    </Filter>
    <Filter Include="module_tools">
      <UniqueIdentifier>{1c022046-ee88-4360-a89f-e2fcc86e9b22}</UniqueIdentifier>
    </Filter>
    <Filter Include="module_dict">
      <UniqueIdentifier>{b32fc16d-e4c5-4583-9809-7b081d330e77}</UniqueIdentifier>
    </Filter>
  </ItemGroup>
  <ItemGroup>
    <ClInclude Include="..\..\..\..\..\..\..\src\common\wind_conv.h">
      <Filter>common</Filter>
    </ClInclude>
    <ClInclude Include="..\..\..\..\..\..\..\src\common\wind_crc16.h">
      <Filter>common</Filter>
    </ClInclude>
    <ClInclude Include="..\..\..\..\..\..\..\src\common\wind_crc32.h">
      <Filter>common</Filter>
    </ClInclude>
    <ClInclude Include="..\..\..\..\..\..\..\src\common\wind_debug.h">
      <Filter>common</Filter>
    </ClInclude>
    <ClInclude Include="..\..\..\..\..\..\..\src\common\wind_dlist.h">
      <Filter>common</Filter>
    </ClInclude>
    <ClInclude Include="..\..\..\..\..\..\..\src\common\wind_encrypt.h">
      <Filter>common</Filter>
    </ClInclude>
    <ClInclude Include="..\..\..\..\..\..\..\src\common\wind_macro.h">
      <Filter>common</Filter>
    </ClInclude>
    <ClInclude Include="..\..\..\..\..\..\..\src\common\wind_md5.h">
      <Filter>common</Filter>
    </ClInclude>
    <ClInclude Include="..\..\..\..\..\..\..\src\common\wind_queue.h">
      <Filter>common</Filter>
    </ClInclude>
    <ClInclude Include="..\..\..\..\..\..\..\src\common\wind_string.h">
      <Filter>common</Filter>
    </ClInclude>
    <ClInclude Include="..\..\..\..\..\..\..\src\common\wind_tree.h">
      <Filter>common</Filter>
    </ClInclude>
    <ClInclude Include="..\..\..\port\wind_board_port.h">
      <Filter>os_port</Filter>
    </ClInclude>
    <ClInclude Include="..\..\..\port\wind_config.h">
      <Filter>os_port</Filter>
    </ClInclude>
    <ClInclude Include="..\..\..\port\wind_std.h">
      <Filter>os_port</Filter>
    </ClInclude>
    <ClInclude Include="..\..\..\port\wind_type.h">
      <Filter>os_port</Filter>
    </ClInclude>
    <ClInclude Include="..\..\..\..\..\..\..\src\core\wind_core.h">
      <Filter>os_core</Filter>
    </ClInclude>
    <ClInclude Include="..\..\..\..\..\..\..\src\core\wind_daemon.h">
      <Filter>os_core</Filter>
    </ClInclude>
    <ClInclude Include="..\..\..\..\..\..\..\src\core\wind_dbgpoint.h">
      <Filter>os_core</Filter>
    </ClInclude>
    <ClInclude Include="..\..\..\..\..\..\..\src\core\wind_diagnose.h">
      <Filter>os_core</Filter>
    </ClInclude>
    <ClInclude Include="..\..\..\..\..\..\..\src\core\wind_event.h">
      <Filter>os_core</Filter>
    </ClInclude>
    <ClInclude Include="..\..\..\..\..\..\..\src\core\wind_heap.h">
      <Filter>os_core</Filter>
    </ClInclude>
    <ClInclude Include="..\..\..\..\..\..\..\src\core\wind_msgbox.h">
      <Filter>os_core</Filter>
    </ClInclude>
    <ClInclude Include="..\..\..\..\..\..\..\src\core\wind_mutex.h">
      <Filter>os_core</Filter>
    </ClInclude>
    <ClInclude Include="..\..\..\..\..\..\..\src\core\wind_pipe.h">
      <Filter>os_core</Filter>
    </ClInclude>
    <ClInclude Include="..\..\..\..\..\..\..\src\core\wind_pool.h">
      <Filter>os_core</Filter>
    </ClInclude>
    <ClInclude Include="..\..\..\..\..\..\..\src\core\wind_sem.h">
      <Filter>os_core</Filter>
    </ClInclude>
    <ClInclude Include="..\..\..\..\..\..\..\src\core\wind_softirq.h">
      <Filter>os_core</Filter>
    </ClInclude>
    <ClInclude Include="..\..\..\..\..\..\..\src\core\wind_stati.h">
      <Filter>os_core</Filter>
    </ClInclude>
    <ClInclude Include="..\..\..\..\..\..\..\src\core\wind_sysinfo.h">
      <Filter>os_core</Filter>
    </ClInclude>
    <ClInclude Include="..\..\..\..\..\..\..\src\core\wind_thread.h">
      <Filter>os_core</Filter>
    </ClInclude>
    <ClInclude Include="..\..\..\..\..\..\..\src\core\wind_time.h">
      <Filter>os_core</Filter>
    </ClInclude>
    <ClInclude Include="..\..\..\..\..\..\..\src\core\wind_timer.h">
      <Filter>os_core</Filter>
    </ClInclude>
    <ClInclude Include="..\..\..\..\..\..\..\src\core\wind_user.h">
      <Filter>os_core</Filter>
    </ClInclude>
    <ClInclude Include="..\..\..\..\..\..\..\src\core\wind_watchdog.h">
      <Filter>os_core</Filter>
    </ClInclude>
    <ClInclude Include="..\..\..\..\..\..\..\src\hal\wind_blkdev.h">
      <Filter>os_hal</Filter>
    </ClInclude>
    <ClInclude Include="..\..\..\..\..\..\..\src\hal\wind_chdev.h">
      <Filter>os_hal</Filter>
    </ClInclude>
    <ClInclude Include="..\..\..\..\..\..\..\src\core\wind_obj.h">
      <Filter>os_core</Filter>
    </ClInclude>
    <ClInclude Include="..\..\..\..\..\..\..\src\core\wind_coroutine.h">
      <Filter>os_core</Filter>
    </ClInclude>
    <ClInclude Include="..\..\..\..\..\..\..\src\module\shell\framework\cmd_history.h">
      <Filter>module_shell</Filter>
    </ClInclude>
    <ClInclude Include="..\..\..\..\..\..\..\src\module\db\framework\db_def.h">
      <Filter>module_db</Filter>
    </ClInclude>
    <ClInclude Include="..\..\..\..\..\..\..\src\module\db\framework\db_if.h">
      <Filter>module_db</Filter>
    </ClInclude>
    <ClInclude Include="..\..\..\..\..\..\..\src\module\db\dbbase\db_demo.h">
      <Filter>module_db</Filter>
    </ClInclude>
    <ClInclude Include="..\..\..\..\..\..\..\src\module\db\dbbase\db_demo1.h">
      <Filter>module_db</Filter>
    </ClInclude>
    <ClInclude Include="..\..\..\..\..\..\..\src\module\db\framework\db_entry.h">
      <Filter>module_db</Filter>
    </ClInclude>
    <ClInclude Include="..\..\..\..\..\..\..\src\module\vfs\listfs\listfs_bitmap.h">
      <Filter>module_vfs</Filter>
    </ClInclude>
    <ClInclude Include="..\..\..\..\..\..\..\src\module\vfs\listfs\listfs.h">
      <Filter>module_vfs</Filter>
    </ClInclude>
    <ClInclude Include="..\..\..\..\..\..\..\src\module\lua-5.3.4\src\ldo.h">
      <Filter>module_lua</Filter>
    </ClInclude>
    <ClInclude Include="..\..\..\..\..\..\..\src\module\lua-5.3.4\src\lapi.h">
      <Filter>module_lua</Filter>
    </ClInclude>
    <ClInclude Include="..\..\..\..\..\..\..\src\module\lua-5.3.4\src\lauxlib.h">
      <Filter>module_lua</Filter>
    </ClInclude>
    <ClInclude Include="..\..\..\..\..\..\..\src\module\lua-5.3.4\src\lcode.h">
      <Filter>module_lua</Filter>
    </ClInclude>
    <ClInclude Include="..\..\..\..\..\..\..\src\module\lua-5.3.4\src\lctype.h">
      <Filter>module_lua</Filter>
    </ClInclude>
    <ClInclude Include="..\..\..\..\..\..\..\src\module\lua-5.3.4\src\ldebug.h">
      <Filter>module_lua</Filter>
    </ClInclude>
    <ClInclude Include="..\..\..\..\..\..\..\src\module\lua-5.3.4\src\lstate.h">
      <Filter>module_lua</Filter>
    </ClInclude>
    <ClInclude Include="..\..\..\..\..\..\..\src\module\lua-5.3.4\src\lfunc.h">
      <Filter>module_lua</Filter>
    </ClInclude>
    <ClInclude Include="..\..\..\..\..\..\..\src\module\lua-5.3.4\src\lgc.h">
      <Filter>module_lua</Filter>
    </ClInclude>
    <ClInclude Include="..\..\..\..\..\..\..\src\module\lua-5.3.4\src\llex.h">
      <Filter>module_lua</Filter>
    </ClInclude>
    <ClInclude Include="..\..\..\..\..\..\..\src\module\lua-5.3.4\src\llimits.h">
      <Filter>module_lua</Filter>
    </ClInclude>
    <ClInclude Include="..\..\..\..\..\..\..\src\module\lua-5.3.4\src\lmem.h">
      <Filter>module_lua</Filter>
    </ClInclude>
    <ClInclude Include="..\..\..\..\..\..\..\src\module\lua-5.3.4\src\lobject.h">
      <Filter>module_lua</Filter>
    </ClInclude>
    <ClInclude Include="..\..\..\..\..\..\..\src\module\lua-5.3.4\src\lopcodes.h">
      <Filter>module_lua</Filter>
    </ClInclude>
    <ClInclude Include="..\..\..\..\..\..\..\src\module\lua-5.3.4\src\lparser.h">
      <Filter>module_lua</Filter>
    </ClInclude>
    <ClInclude Include="..\..\..\..\..\..\..\src\module\lua-5.3.4\src\lprefix.h">
      <Filter>module_lua</Filter>
    </ClInclude>
    <ClInclude Include="..\..\..\..\..\..\..\src\module\lua-5.3.4\src\lzio.h">
      <Filter>module_lua</Filter>
    </ClInclude>
    <ClInclude Include="..\..\..\..\..\..\..\src\module\lua-5.3.4\src\lstring.h">
      <Filter>module_lua</Filter>
    </ClInclude>
    <ClInclude Include="..\..\..\..\..\..\..\src\module\lua-5.3.4\src\ltable.h">
      <Filter>module_lua</Filter>
    </ClInclude>
    <ClInclude Include="..\..\..\..\..\..\..\src\module\lua-5.3.4\src\ltm.h">
      <Filter>module_lua</Filter>
    </ClInclude>
    <ClInclude Include="..\..\..\..\..\..\..\src\module\lua-5.3.4\src\lua.h">
      <Filter>module_lua</Filter>
    </ClInclude>
    <ClInclude Include="..\..\..\..\..\..\..\src\module\lua-5.3.4\src\lua.hpp">
      <Filter>module_lua</Filter>
    </ClInclude>
    <ClInclude Include="..\..\..\..\..\..\..\src\module\lua-5.3.4\src\luaconf.h">
      <Filter>module_lua</Filter>
    </ClInclude>
    <ClInclude Include="..\..\..\..\..\..\..\src\module\lua-5.3.4\src\lualib.h">
      <Filter>module_lua</Filter>
    </ClInclude>
    <ClInclude Include="..\..\..\..\..\..\..\src\module\lua-5.3.4\src\lundump.h">
      <Filter>module_lua</Filter>
    </ClInclude>
    <ClInclude Include="..\..\..\..\..\..\..\src\module\lua-5.3.4\src\lvm.h">
      <Filter>module_lua</Filter>
    </ClInclude>
    <ClInclude Include="..\..\..\..\..\..\..\src\module\db\framework\tb_model.h">
      <Filter>module_db</Filter>
    </ClInclude>
    <ClInclude Include="..\..\..\..\..\..\..\src\module\db\framework\tb_entry.h">
      <Filter>module_db</Filter>
    </ClInclude>
    <ClInclude Include="..\..\..\..\..\..\..\src\module\shell\framework\shell_framework.h">
      <Filter>module_shell</Filter>
    </ClInclude>
    <ClInclude Include="..\..\..\..\..\..\..\src\module\cutest\framework\test_framework.h">
      <Filter>module_cutest</Filter>
    </ClInclude>
    <ClInclude Include="..\..\..\..\..\..\..\src\module\vfs\wind_filepath.h">
      <Filter>module_vfs</Filter>
    </ClInclude>
    <ClInclude Include="..\..\..\..\..\..\..\src\module\vfs\wind_fs.h">
      <Filter>module_vfs</Filter>
    </ClInclude>
    <ClInclude Include="..\..\..\..\..\..\..\src\module\vfs\wind_file.h">
      <Filter>module_vfs</Filter>
    </ClInclude>
    <ClInclude Include="..\..\..\..\..\..\..\src\module\shell\framework\wind_cmd.h">
      <Filter>module_shell</Filter>
    </ClInclude>
    <ClInclude Include="..\..\..\..\..\..\..\src\module\vfs\treefs\treefs.h">
      <Filter>module_vfs</Filter>
    </ClInclude>
    <ClInclude Include="..\..\..\..\..\..\..\src\module\cutest\framework\wind_cut.h">
      <Filter>module_cutest</Filter>
    </ClInclude>
    <ClInclude Include="..\..\..\..\..\..\..\src\module\shell\framework\wind_key.h">
      <Filter>module_shell</Filter>
    </ClInclude>
    <ClInclude Include="..\..\..\..\..\..\..\src\module\vfs\wind_log.h">
      <Filter>module_vfs</Filter>
    </ClInclude>
    <ClInclude Include="..\..\..\..\..\..\..\src\module\vfs\listfs\listfs_fileinfo.h">
      <Filter>module_vfs</Filter>
    </ClInclude>
    <ClInclude Include="..\..\..\..\..\..\..\src\module\vfs\listfs\listfs_blkinfo.h">
      <Filter>module_vfs</Filter>
    </ClInclude>
    <ClInclude Include="..\..\..\..\..\..\..\src\module\cjson\cJSON.h">
      <Filter>module_cjson</Filter>
    </ClInclude>
    <ClInclude Include="..\..\..\..\..\..\..\src\module\cjson\cJSON_Utils.h">
      <Filter>module_cjson</Filter>
    </ClInclude>
    <ClInclude Include="..\..\..\..\..\..\..\src\module\cjson\json_checker.h">
      <Filter>module_cjson</Filter>
    </ClInclude>
    <ClInclude Include="..\..\..\..\..\..\..\src\module\vfs\listfs\listfs_cache.h">
      <Filter>module_vfs</Filter>
    </ClInclude>
    <ClInclude Include="..\..\..\..\..\..\..\src\common\wind_strsearch.h">
      <Filter>common</Filter>
    </ClInclude>
    <ClInclude Include="..\..\..\..\..\..\..\src\module\vfs\treefs\treefile.h">
      <Filter>module_vfs</Filter>
    </ClInclude>
    <ClInclude Include="..\..\..\..\..\..\..\src\module\vfs\treefs\treefs_def.h">
      <Filter>module_vfs</Filter>
    </ClInclude>
    <ClInclude Include="..\..\..\..\..\..\..\src\common\wind_imghead.h">
      <Filter>common</Filter>
    </ClInclude>
    <ClInclude Include="..\..\..\port\file_port.h">
      <Filter>os_port</Filter>
    </ClInclude>
    <ClInclude Include="..\..\..\..\..\..\..\src\core\wind_module.h">
      <Filter>os_core</Filter>
    </ClInclude>
    <ClInclude Include="..\..\..\..\..\..\..\src\module\vfs\wind_fsops.h">
      <Filter>module_vfs</Filter>
    </ClInclude>
    <ClInclude Include="..\..\..\..\..\..\..\src\hal\wind_memblk.h">
      <Filter>os_hal</Filter>
    </ClInclude>
    <ClInclude Include="..\..\..\..\..\..\..\src\hal\wind_nullblk.h">
      <Filter>os_hal</Filter>
    </ClInclude>
    <ClInclude Include="..\..\..\..\..\..\..\src\module\vfs\hostfs\hostfs.h">
      <Filter>module_vfs</Filter>
    </ClInclude>
    <ClInclude Include="..\..\..\..\..\..\..\src\module\dict\wind_dict.h">
      <Filter>module_dict</Filter>
    </ClInclude>
    <ClInclude Include="..\..\..\..\..\..\..\src\module\vfs\hostfs\windows_filepath.h">
      <Filter>module_vfs</Filter>
    </ClInclude>
    <ClInclude Include="..\..\..\..\..\..\..\src\core\wind_fsm.h">
      <Filter>os_core</Filter>
    </ClInclude>
    <ClInclude Include="..\..\..\..\..\..\..\src\module\db\framework\xml.h">
      <Filter>module_db</Filter>
    </ClInclude>
    <ClInclude Include="..\..\..\..\..\..\..\src\module\db\framework\tb_model_file.h">
      <Filter>module_db</Filter>
    </ClInclude>
    <ClInclude Include="..\..\..\..\..\..\..\src\module\db\framework\wind_xml.h">
      <Filter>module_db</Filter>
    </ClInclude>
    <ClInclude Include="..\..\..\..\..\..\..\src\module\db\framework\wind_xml_fsm.h">
      <Filter>module_db</Filter>
    </ClInclude>
  </ItemGroup>
  <ItemGroup>
    <None Include="..\..\..\..\..\..\..\src\module\lua-5.3.4\src\Makefile">
      <Filter>module_lua</Filter>
    </None>
  </ItemGroup>
</Project>