<?xml version="1.0" encoding="utf-8"?>
<Project ToolsVersion="4.0" xmlns="http://schemas.microsoft.com/developer/msbuild/2003">
  <ItemGroup>
    <Filter Include="资源文件">
      <UniqueIdentifier>{67DA6AB6-F800-4c08-8B7A-83BB121AAD01}</UniqueIdentifier>
      <Extensions>rc;ico;cur;bmp;dlg;rc2;rct;bin;rgs;gif;jpg;jpeg;jpe;resx;tiff;tif;png;wav;mfcribbon-ms</Extensions>
    </Filter>
    <Filter Include="port">
      <UniqueIdentifier>{9cd207be-ba4b-49d7-8d94-e40f6028ffb2}</UniqueIdentifier>
    </Filter>
    <Filter Include="common">
      <UniqueIdentifier>{e6fa520f-ce04-480f-af70-352f1a2b5fc5}</UniqueIdentifier>
    </Filter>
    <Filter Include="fatfs">
      <UniqueIdentifier>{fa0d4a37-1592-40d7-8fd6-02e2533ad499}</UniqueIdentifier>
    </Filter>
    <Filter Include="hal">
      <UniqueIdentifier>{deb76de2-b7f7-4ec5-9828-3443316b0841}</UniqueIdentifier>
    </Filter>
    <Filter Include="device">
      <UniqueIdentifier>{905c23da-1737-45d5-b768-9f14afa6f30f}</UniqueIdentifier>
    </Filter>
  </ItemGroup>
  <ItemGroup>
    <ClCompile Include="..\..\port\file_port.c">
      <Filter>port</Filter>
    </ClCompile>
    <ClCompile Include="..\..\..\..\..\..\src\common\wind_debug.c">
      <Filter>common</Filter>
    </ClCompile>
    <ClCompile Include="..\..\..\..\..\..\src\common\wind_encrypt.c">
      <Filter>common</Filter>
    </ClCompile>
    <ClCompile Include="..\..\port\wind_std.c">
      <Filter>port</Filter>
    </ClCompile>
    <ClCompile Include="..\..\..\..\..\..\src\common\wind_string.c">
      <Filter>common</Filter>
    </ClCompile>
    <ClCompile Include="..\..\..\..\..\..\src\components\vfs\fatfs\diskio.c">
      <Filter>fatfs</Filter>
    </ClCompile>
    <ClCompile Include="..\..\..\..\..\..\src\components\vfs\fatfs\ff.c">
      <Filter>fatfs</Filter>
    </ClCompile>
    <ClCompile Include="..\..\..\..\..\..\src\components\vfs\fatfs\ffsystem.c">
      <Filter>fatfs</Filter>
    </ClCompile>
    <ClCompile Include="..\..\..\..\..\..\src\components\vfs\fatfs\ffunicode.c">
      <Filter>fatfs</Filter>
    </ClCompile>
    <ClCompile Include="fatfs_main.c" />
    <ClCompile Include="..\..\..\..\..\..\src\hal\wind_blkdev.c">
      <Filter>hal</Filter>
    </ClCompile>
    <ClCompile Include="..\..\..\..\..\..\src\common\wind_dlist.c">
      <Filter>common</Filter>
    </ClCompile>
    <ClCompile Include="..\..\device\blkdev_memblk.c">
      <Filter>device</Filter>
    </ClCompile>
    <ClCompile Include="..\..\device\list_blkdev.c">
      <Filter>device</Filter>
    </ClCompile>
  </ItemGroup>
  <ItemGroup>
    <ClInclude Include="..\..\port\file_port.h">
      <Filter>port</Filter>
    </ClInclude>
    <ClInclude Include="..\..\..\..\..\..\src\common\wind_debug.h">
      <Filter>common</Filter>
    </ClInclude>
    <ClInclude Include="..\..\port\wind_std.h">
      <Filter>port</Filter>
    </ClInclude>
    <ClInclude Include="..\..\port\wind_type.h">
      <Filter>port</Filter>
    </ClInclude>
    <ClInclude Include="..\..\..\..\..\..\src\common\wind_string.h">
      <Filter>common</Filter>
    </ClInclude>
    <ClInclude Include="..\..\..\..\..\..\src\components\vfs\fatfs\diskio.h">
      <Filter>fatfs</Filter>
    </ClInclude>
    <ClInclude Include="..\..\..\..\..\..\src\components\vfs\fatfs\ff.h">
      <Filter>fatfs</Filter>
    </ClInclude>
    <ClInclude Include="..\..\..\..\..\..\src\components\vfs\fatfs\ffconf.h">
      <Filter>fatfs</Filter>
    </ClInclude>
    <ClInclude Include="..\..\..\..\..\..\src\hal\wind_blkdev.h">
      <Filter>hal</Filter>
    </ClInclude>
    <ClInclude Include="..\..\..\..\..\..\src\common\wind_dlist.h">
      <Filter>common</Filter>
    </ClInclude>
  </ItemGroup>
</Project>